{
  "name": "workshop",
  "version": "1.0.0",
  "lockfileVersion": 2,
  "requires": true,
  "packages": {
    "": {
      "name": "workshop",
      "version": "1.0.0",
      "license": "ISC",
      "dependencies": {
        "co": "^4.6.0",
        "hapi": "^16.4.3",
        "inert": "^4.2.1",
        "mssql": "^4.0.4",
        "node-windows": "^1.0.0-beta.6",
        "nvm": "^0.0.4",
        "require-dir": "^0.3.2"
      }
    },
    "../Users/Administrator/AppData/Roaming/npm/node_modules/node-windows": {
      "version": "1.0.0-beta.6",
      "extraneous": true,
      "license": "MIT",
      "dependencies": {
        "@author.io/arg": "1.3.22",
        "xml": "1.0.1"
      }
    },
    "node_modules/accept": {
      "version": "2.1.4",
      "license": "BSD-3-Clause",
      "dependencies": {
        "boom": "5.x.x",
        "hoek": "4.x.x"
      },
      "engines": {
        "node": ">=4.0.0"
      }
    },
    "node_modules/ammo": {
      "version": "2.0.4",
      "license": "BSD-3-Clause",
      "dependencies": {
        "boom": "5.x.x",
        "hoek": "4.x.x"
      },
      "engines": {
        "node": ">=4.0.0"
      }
    },
    "node_modules/b64": {
      "version": "3.0.3",
      "resolved": "https://registry.npmjs.org/b64/-/b64-3.0.3.tgz",
      "integrity": "sha512-Pbeh0i6OLubPJdIdCepn8ZQHwN2MWznZHbHABSTEfQ706ie+yuxNSaPdqX1xRatT6WanaS1EazMiSg0NUW2XxQ==",
      "deprecated": "This version has been deprecated in accordance with the hapi support policy (hapi.im/support). Please upgrade to the latest version to get the best features, bug fixes, and security patches. If you are unable to upgrade at this time, paid support is available for older versions (hapi.im/commercial).",
      "engines": {
        "node": ">=4.0.0"
      }
    },
    "node_modules/babel-runtime": {
      "version": "6.25.0",
      "license": "MIT",
      "dependencies": {
        "core-js": "^2.4.0",
        "regenerator-runtime": "^0.10.0"
      }
    },
    "node_modules/big-number": {
      "version": "0.3.1",
      "license": "MIT",
      "engines": {
        "node": ">= 0.4.x"
      }
    },
    "node_modules/bl": {
      "version": "1.2.1",
      "license": "MIT",
      "dependencies": {
        "readable-stream": "^2.0.5"
      }
    },
    "node_modules/boom": {
      "version": "5.1.0",
      "license": "BSD-3-Clause",
      "dependencies": {
        "hoek": "4.x.x"
      },
      "engines": {
        "node": ">=4.0.0"
      }
    },
    "node_modules/call": {
      "version": "4.0.2",
      "license": "BSD-3-Clause",
      "dependencies": {
        "boom": "5.x.x",
        "hoek": "4.x.x"
      },
      "engines": {
        "node": ">=4.0.0"
      }
    },
    "node_modules/catbox": {
      "version": "7.1.5",
      "license": "BSD-3-Clause",
      "dependencies": {
        "boom": "5.x.x",
        "hoek": "4.x.x",
        "joi": "10.x.x"
      },
      "engines": {
        "node": ">=4.0.0"
      }
    },
    "node_modules/catbox-memory": {
      "version": "2.0.4",
      "license": "BSD-3-Clause",
      "dependencies": {
        "hoek": "4.x.x"
      },
      "engines": {
        "node": ">=4.0.0"
      }
    },
    "node_modules/co": {
      "version": "4.6.0",
      "license": "MIT",
      "engines": {
        "iojs": ">= 1.0.0",
        "node": ">= 0.12.0"
      }
    },
    "node_modules/content": {
      "version": "3.0.7",
      "resolved": "https://registry.npmjs.org/content/-/content-3.0.7.tgz",
      "integrity": "sha512-LXtnSnvE+Z1Cjpa3P9gh9kb396qV4MqpfwKy777BOSF8n6nw2vAi03tHNl0/XRqZUyzVzY/+nMXOZVnEapWzdg==",
      "deprecated": "This version has been deprecated in accordance with the hapi support policy (hapi.im/support). Please upgrade to the latest version to get the best features, bug fixes, and security patches. If you are unable to upgrade at this time, paid support is available for older versions (hapi.im/commercial).",
      "dependencies": {
        "boom": "5.x.x"
      },
      "engines": {
        "node": ">=4.5.0"
      }
    },
    "node_modules/core-js": {
      "version": "2.4.1",
      "license": "MIT"
    },
    "node_modules/core-util-is": {
      "version": "1.0.2",
      "license": "MIT"
    },
    "node_modules/cryptiles": {
      "version": "3.1.2",
      "license": "BSD-3-Clause",
      "dependencies": {
        "boom": "5.x.x"
      },
      "engines": {
        "node": ">=4.0.0"
      }
    },
    "node_modules/debug": {
      "version": "2.6.8",
      "license": "MIT",
      "dependencies": {
        "ms": "2.0.0"
      }
    },
    "node_modules/generic-pool": {
      "version": "3.1.7",
      "license": "MIT",
      "engines": {
        "node": ">= 4"
      }
    },
    "node_modules/hapi": {
      "version": "16.4.3",
      "resolved": "https://registry.npmjs.org/hapi/-/hapi-16.4.3.tgz",
      "integrity": "sha512-1jN2dj3KeNAHWs5/rFCGPjYyyoDqG1orkwJyL1OHjbODnhsCbZ6AQOgroOUyNUCH3KCZ6dU/dimAW83gJiBjsA==",
      "deprecated": "This version contains severe security issues and defects and should not be used! Please upgrade to the latest version of @hapi/hapi or consider a commercial license (https://github.com/hapijs/hapi/issues/4114)",
      "dependencies": {
        "accept": "2.x.x",
        "ammo": "2.x.x",
        "boom": "5.x.x",
        "call": "4.x.x",
        "catbox": "7.x.x",
        "catbox-memory": "2.x.x",
        "cryptiles": "3.x.x",
        "heavy": "4.x.x",
        "hoek": "4.x.x",
        "iron": "4.x.x",
        "items": "2.x.x",
        "joi": "10.x.x",
        "mimos": "3.x.x",
        "podium": "1.x.x",
        "shot": "3.x.x",
        "statehood": "5.x.x",
        "subtext": "4.x.x",
        "topo": "2.x.x"
      },
      "engines": {
        "node": ">=4.8.0"
      }
    },
    "node_modules/heavy": {
      "version": "4.0.4",
      "license": "BSD-3-Clause",
      "dependencies": {
        "boom": "5.x.x",
        "hoek": "4.x.x",
        "joi": "10.x.x"
      },
      "engines": {
        "node": ">=4.0.0"
      }
    },
    "node_modules/hoek": {
      "version": "4.1.1",
      "license": "BSD-3-Clause",
      "engines": {
        "node": ">=4.0.0"
      }
    },
    "node_modules/iconv-lite": {
      "version": "0.4.18",
      "license": "MIT",
      "engines": {
        "node": ">=0.10.0"
      }
    },
    "node_modules/inert": {
      "version": "4.2.1",
      "resolved": "https://registry.npmjs.org/inert/-/inert-4.2.1.tgz",
      "integrity": "sha512-qmbbZYPSzU/eOUOStPQvSjrU9IR1Q3uDtsEsVwnBQeZG43xu7Nrj6yuUrX3ice/03rv5dj/KiKB+NGCbiqH+aQ==",
      "deprecated": "This version has been deprecated in accordance with the hapi support policy (hapi.im/support). Please upgrade to the latest version to get the best features, bug fixes, and security patches. If you are unable to upgrade at this time, paid support is available for older versions (hapi.im/commercial).",
      "dependencies": {
        "ammo": "2.x.x",
        "boom": "5.x.x",
        "hoek": "4.x.x",
        "items": "2.x.x",
        "joi": "10.x.x",
        "lru-cache": "4.1.x"
      },
      "engines": {
        "node": ">=4.0.0"
      }
    },
    "node_modules/inherits": {
      "version": "2.0.3",
      "license": "ISC"
    },
    "node_modules/iron": {
      "version": "4.0.5",
      "license": "BSD-3-Clause",
      "dependencies": {
        "boom": "5.x.x",
        "cryptiles": "3.x.x",
        "hoek": "4.x.x"
      },
      "engines": {
        "node": ">=4.0.0"
      }
    },
    "node_modules/isarray": {
      "version": "1.0.0",
      "license": "MIT"
    },
    "node_modules/isemail": {
      "version": "2.2.1",
      "license": "BSD-3-Clause",
      "engines": {
        "node": ">=4.0.0"
      }
    },
    "node_modules/items": {
      "version": "2.1.1",
      "license": "BSD-3-Clause",
      "engines": {
        "node": ">=4.0.0"
      }
    },
    "node_modules/joi": {
      "version": "10.6.0",
      "license": "BSD-3-Clause",
      "dependencies": {
        "hoek": "4.x.x",
        "isemail": "2.x.x",
        "items": "2.x.x",
        "topo": "2.x.x"
      },
      "engines": {
        "node": ">=4.0.0"
      }
    },
    "node_modules/lru-cache": {
      "version": "4.1.5",
      "resolved": "https://registry.npmjs.org/lru-cache/-/lru-cache-4.1.5.tgz",
      "integrity": "sha512-sWZlbEP2OsHNkXrMl5GYk/jKk70MBng6UU4YI/qGDYbgf6YbP4EvmqISbXCoJiRKs+1bSpFHVgQxvJ17F2li5g==",
      "dependencies": {
        "pseudomap": "^1.0.2",
        "yallist": "^2.1.2"
      }
    },
    "node_modules/mime-db": {
      "version": "1.29.0",
      "license": "MIT",
      "engines": {
        "node": ">= 0.6"
      }
    },
    "node_modules/mimos": {
      "version": "3.0.3",
      "license": "BSD-3-Clause",
      "dependencies": {
        "hoek": "4.x.x",
        "mime-db": "1.x.x"
      },
      "engines": {
        "node": ">=4.0.0"
      }
    },
    "node_modules/minimist": {
      "version": "0.0.10",
      "resolved": "https://registry.npmjs.org/minimist/-/minimist-0.0.10.tgz",
      "integrity": "sha1-3j+YVD2/lggr5IrRoMfNqDYwHc8="
    },
    "node_modules/ms": {
      "version": "2.0.0",
      "license": "MIT"
    },
    "node_modules/mssql": {
      "version": "4.0.4",
      "license": "MIT",
      "dependencies": {
        "debug": "^2.6.3",
        "generic-pool": "^3.1.7",
        "tedious": "^2.0.0"
      },
      "bin": {
        "mssql": "bin/mssql"
      },
      "engines": {
        "node": ">=4"
      }
    },
    "node_modules/nigel": {
      "version": "2.0.2",
      "resolved": "https://registry.npmjs.org/nigel/-/nigel-2.0.2.tgz",
      "integrity": "sha1-k6GGb7DFLYc5CqdeKxYfS1x15bE=",
      "deprecated": "This version has been deprecated in accordance with the hapi support policy (hapi.im/support). Please upgrade to the latest version to get the best features, bug fixes, and security patches. If you are unable to upgrade at this time, paid support is available for older versions (hapi.im/commercial).",
      "dependencies": {
        "hoek": "4.x.x",
        "vise": "2.x.x"
      },
      "engines": {
        "node": ">=4.0.0"
      }
    },
    "node_modules/node-windows": {
      "version": "1.0.0-beta.6",
      "resolved": "https://registry.npmjs.org/node-windows/-/node-windows-1.0.0-beta.6.tgz",
      "integrity": "sha512-Ehig70tF9A9Wns4VMpnsvT7dyat/d2fio6C4g1RAEaAi+piAjN6Wc+/fdSOifl8YCCncVllijv5Q9wdyHvdgeA==",
      "dependencies": {
        "optimist": "~0.6.0",
        "xml": "0.0.12"
      }
    },
    "node_modules/nvm": {
      "version": "0.0.4",
      "resolved": "https://registry.npmjs.org/nvm/-/nvm-0.0.4.tgz",
      "integrity": "sha1-OKF46dMbKDUIyS0VydqGHRqSELw=",
      "deprecated": "This is NOT the correct nvm. Visit https://nvm.sh and use the curl command to install it.",
      "bin": {
        "nvm": "bin/nvm"
      }
    },
    "node_modules/optimist": {
      "version": "0.6.1",
      "resolved": "https://registry.npmjs.org/optimist/-/optimist-0.6.1.tgz",
      "integrity": "sha1-2j6nRob6IaGaERwybpDrFaAZZoY=",
      "dependencies": {
        "minimist": "~0.0.1",
        "wordwrap": "~0.0.2"
      }
    },
    "node_modules/pez": {
      "version": "2.1.5",
      "resolved": "https://registry.npmjs.org/pez/-/pez-2.1.5.tgz",
      "integrity": "sha1-XsLMYlAMw+tCNtSkFM9aF7XrUAc=",
      "deprecated": "This version has been deprecated in accordance with the hapi support policy (hapi.im/support). Please upgrade to the latest version to get the best features, bug fixes, and security patches. If you are unable to upgrade at this time, paid support is available for older versions (hapi.im/commercial).",
      "dependencies": {
        "b64": "3.x.x",
        "boom": "5.x.x",
        "content": "3.x.x",
        "hoek": "4.x.x",
        "nigel": "2.x.x"
      },
      "engines": {
        "node": ">=4.0.0"
      }
    },
    "node_modules/podium": {
      "version": "1.3.0",
      "license": "BSD-3-Clause",
      "dependencies": {
        "hoek": "4.x.x",
        "items": "2.x.x",
        "joi": "10.x.x"
      },
      "engines": {
        "node": ">=4.0.0"
      }
    },
    "node_modules/process-nextick-args": {
      "version": "1.0.7",
      "license": "MIT"
    },
    "node_modules/pseudomap": {
      "version": "1.0.2",
      "resolved": "https://registry.npmjs.org/pseudomap/-/pseudomap-1.0.2.tgz",
      "integrity": "sha1-8FKijacOYYkX7wqKw0wa5aaChrM="
    },
    "node_modules/readable-stream": {
      "version": "2.3.3",
      "license": "MIT",
      "dependencies": {
        "core-util-is": "~1.0.0",
        "inherits": "~2.0.3",
        "isarray": "~1.0.0",
        "process-nextick-args": "~1.0.6",
        "safe-buffer": "~5.1.1",
        "string_decoder": "~1.0.3",
        "util-deprecate": "~1.0.1"
      }
    },
    "node_modules/regenerator-runtime": {
      "version": "0.10.5",
      "license": "MIT"
    },
    "node_modules/require-dir": {
      "version": "0.3.2",
      "license": "MIT",
      "engines": {
        "node": "*"
      }
    },
    "node_modules/safe-buffer": {
      "version": "5.1.1",
      "license": "MIT"
    },
    "node_modules/shot": {
      "version": "3.4.2",
      "license": "BSD-3-Clause",
      "dependencies": {
        "hoek": "4.x.x",
        "joi": "10.x.x"
      },
      "engines": {
        "node": ">=4.5.0"
      }
    },
    "node_modules/sprintf": {
      "version": "0.1.5",
      "license": "BSD-3-Clause",
      "engines": {
        "node": ">=0.2.4"
      }
    },
    "node_modules/statehood": {
      "version": "5.0.3",
      "license": "BSD-3-Clause",
      "dependencies": {
        "boom": "5.x.x",
        "cryptiles": "3.x.x",
        "hoek": "4.x.x",
        "iron": "4.x.x",
        "items": "2.x.x",
        "joi": "10.x.x"
      },
      "engines": {
        "node": ">=4.0.0"
      }
    },
    "node_modules/string_decoder": {
      "version": "1.0.3",
      "license": "MIT",
      "dependencies": {
        "safe-buffer": "~5.1.0"
      }
    },
    "node_modules/subtext": {
      "version": "4.4.1",
      "resolved": "https://registry.npmjs.org/subtext/-/subtext-4.4.1.tgz",
      "integrity": "sha1-L87JRd5CkoPD0YsVH/D6HxuHrsk=",
      "deprecated": "This version has been deprecated in accordance with the hapi support policy (hapi.im/support). Please upgrade to the latest version to get the best features, bug fixes, and security patches. If you are unable to upgrade at this time, paid support is available for older versions (hapi.im/commercial).",
      "dependencies": {
        "boom": "5.x.x",
        "content": "3.x.x",
        "hoek": "4.x.x",
        "pez": "2.x.x",
        "wreck": "12.x.x"
      },
      "engines": {
        "node": ">=4.0.0"
      }
    },
    "node_modules/tedious": {
      "version": "2.0.0",
      "license": "MIT",
      "dependencies": {
        "babel-runtime": "^6.23.0",
        "big-number": "0.3.1",
        "bl": "^1.2.0",
        "iconv-lite": "^0.4.11",
        "readable-stream": "^2.2.6",
        "sprintf": "0.1.5"
      },
      "engines": {
        "node": ">= 4"
      }
    },
    "node_modules/topo": {
      "version": "2.0.2",
      "license": "BSD-3-Clause",
      "dependencies": {
        "hoek": "4.x.x"
      },
      "engines": {
        "node": ">=4.0.0"
      }
    },
    "node_modules/util-deprecate": {
      "version": "1.0.2",
      "license": "MIT"
    },
    "node_modules/vise": {
      "version": "2.0.2",
      "resolved": "https://registry.npmjs.org/vise/-/vise-2.0.2.tgz",
      "integrity": "sha1-awjo+0y3bjpQzW3Q7DczjoEaDTk=",
      "deprecated": "This version has been deprecated in accordance with the hapi support policy (hapi.im/support). Please upgrade to the latest version to get the best features, bug fixes, and security patches. If you are unable to upgrade at this time, paid support is available for older versions (hapi.im/commercial).",
      "dependencies": {
        "hoek": "4.x.x"
      },
      "engines": {
        "node": ">=4.0.0"
      }
    },
    "node_modules/wordwrap": {
      "version": "0.0.3",
      "resolved": "https://registry.npmjs.org/wordwrap/-/wordwrap-0.0.3.tgz",
      "integrity": "sha1-o9XabNXAvAAI03I0u68b7WMFkQc=",
      "engines": {
        "node": ">=0.4.0"
      }
    },
    "node_modules/wreck": {
      "version": "12.5.1",
      "resolved": "https://registry.npmjs.org/wreck/-/wreck-12.5.1.tgz",
      "integrity": "sha512-l5DUGrc+yDyIflpty1x9XuMj1ehVjC/dTbF3/BasOO77xk0EdEa4M/DuOY8W88MQDAD0fEDqyjc8bkIMHd2E9A==",
      "deprecated": "This version has been deprecated in accordance with the hapi support policy (hapi.im/support). Please upgrade to the latest version to get the best features, bug fixes, and security patches. If you are unable to upgrade at this time, paid support is available for older versions (hapi.im/commercial).",
      "dependencies": {
        "boom": "5.x.x",
        "hoek": "4.x.x"
      },
      "engines": {
        "node": ">=4.0.0"
      }
    },
    "node_modules/xml": {
      "version": "0.0.12",
      "resolved": "https://registry.npmjs.org/xml/-/xml-0.0.12.tgz",
      "integrity": "sha1-8Is0cQmRK+AChXhfRvFa2OUKX2c=",
      "engines": {
        "node": ">=0.4.0"
      }
    },
    "node_modules/yallist": {
      "version": "2.1.2",
      "resolved": "https://registry.npmjs.org/yallist/-/yallist-2.1.2.tgz",
      "integrity": "sha1-HBH5IY8HYImkfdUS+TxmmaaoHVI="
    }
  },
  "dependencies": {
    "accept": {
      "version": "2.1.4",
      "requires": {
        "boom": "5.x.x",
        "hoek": "4.x.x"
      }
    },
    "ammo": {
      "version": "2.0.4",
      "requires": {
        "boom": "5.x.x",
        "hoek": "4.x.x"
      }
    },
    "b64": {
      "version": "3.0.3",
      "resolved": "https://registry.npmjs.org/b64/-/b64-3.0.3.tgz",
      "integrity": "sha512-Pbeh0i6OLubPJdIdCepn8ZQHwN2MWznZHbHABSTEfQ706ie+yuxNSaPdqX1xRatT6WanaS1EazMiSg0NUW2XxQ=="
    },
    "babel-runtime": {
      "version": "6.25.0",
      "requires": {
        "core-js": "^2.4.0",
        "regenerator-runtime": "^0.10.0"
      }
    },
    "big-number": {
      "version": "0.3.1"
    },
    "bl": {
      "version": "1.2.1",
      "requires": {
        "readable-stream": "^2.0.5"
      }
    },
    "boom": {
      "version": "5.1.0",
      "requires": {
        "hoek": "4.x.x"
      }
    },
    "call": {
      "version": "4.0.2",
      "requires": {
        "boom": "5.x.x",
        "hoek": "4.x.x"
      }
    },
    "catbox": {
      "version": "7.1.5",
      "requires": {
        "boom": "5.x.x",
        "hoek": "4.x.x",
        "joi": "10.x.x"
      }
    },
    "catbox-memory": {
      "version": "2.0.4",
      "requires": {
        "hoek": "4.x.x"
      }
    },
    "co": {
      "version": "4.6.0"
    },
    "content": {
      "version": "3.0.7",
      "resolved": "https://registry.npmjs.org/content/-/content-3.0.7.tgz",
      "integrity": "sha512-LXtnSnvE+Z1Cjpa3P9gh9kb396qV4MqpfwKy777BOSF8n6nw2vAi03tHNl0/XRqZUyzVzY/+nMXOZVnEapWzdg==",
      "requires": {
        "boom": "5.x.x"
      }
    },
    "core-js": {
      "version": "2.4.1"
    },
    "core-util-is": {
      "version": "1.0.2"
    },
    "cryptiles": {
      "version": "3.1.2",
      "requires": {
        "boom": "5.x.x"
      }
    },
    "debug": {
      "version": "2.6.8",
      "requires": {
        "ms": "2.0.0"
      }
    },
    "generic-pool": {
      "version": "3.1.7"
    },
    "hapi": {
      "version": "16.4.3",
      "resolved": "https://registry.npmjs.org/hapi/-/hapi-16.4.3.tgz",
      "integrity": "sha512-1jN2dj3KeNAHWs5/rFCGPjYyyoDqG1orkwJyL1OHjbODnhsCbZ6AQOgroOUyNUCH3KCZ6dU/dimAW83gJiBjsA==",
      "requires": {
        "accept": "2.x.x",
        "ammo": "2.x.x",
        "boom": "5.x.x",
        "call": "4.x.x",
        "catbox": "7.x.x",
        "catbox-memory": "2.x.x",
        "cryptiles": "3.x.x",
        "heavy": "4.x.x",
        "hoek": "4.x.x",
        "iron": "4.x.x",
        "items": "2.x.x",
        "joi": "10.x.x",
        "mimos": "3.x.x",
        "podium": "1.x.x",
        "shot": "3.x.x",
        "statehood": "5.x.x",
        "subtext": "4.x.x",
        "topo": "2.x.x"
      }
    },
    "heavy": {
      "version": "4.0.4",
      "requires": {
        "boom": "5.x.x",
        "hoek": "4.x.x",
        "joi": "10.x.x"
      }
    },
    "hoek": {
      "version": "4.1.1"
    },
    "iconv-lite": {
      "version": "0.4.18"
    },
    "inert": {
      "version": "4.2.1",
      "resolved": "https://registry.npmjs.org/inert/-/inert-4.2.1.tgz",
      "integrity": "sha512-qmbbZYPSzU/eOUOStPQvSjrU9IR1Q3uDtsEsVwnBQeZG43xu7Nrj6yuUrX3ice/03rv5dj/KiKB+NGCbiqH+aQ==",
      "requires": {
        "ammo": "2.x.x",
        "boom": "5.x.x",
        "hoek": "4.x.x",
        "items": "2.x.x",
        "joi": "10.x.x",
        "lru-cache": "4.1.x"
      }
    },
    "inherits": {
      "version": "2.0.3"
    },
    "iron": {
      "version": "4.0.5",
      "requires": {
        "boom": "5.x.x",
        "cryptiles": "3.x.x",
        "hoek": "4.x.x"
      }
    },
    "isarray": {
      "version": "1.0.0"
    },
    "isemail": {
      "version": "2.2.1"
    },
    "items": {
      "version": "2.1.1"
    },
    "joi": {
      "version": "10.6.0",
      "requires": {
        "hoek": "4.x.x",
        "isemail": "2.x.x",
        "items": "2.x.x",
        "topo": "2.x.x"
      }
    },
    "lru-cache": {
      "version": "4.1.5",
      "resolved": "https://registry.npmjs.org/lru-cache/-/lru-cache-4.1.5.tgz",
      "integrity": "sha512-sWZlbEP2OsHNkXrMl5GYk/jKk70MBng6UU4YI/qGDYbgf6YbP4EvmqISbXCoJiRKs+1bSpFHVgQxvJ17F2li5g==",
      "requires": {
        "pseudomap": "^1.0.2",
        "yallist": "^2.1.2"
      }
    },
    "mime-db": {
      "version": "1.29.0"
    },
    "mimos": {
      "version": "3.0.3",
      "requires": {
        "hoek": "4.x.x",
        "mime-db": "1.x.x"
      }
    },
    "minimist": {
      "version": "0.0.10",
      "resolved": "https://registry.npmjs.org/minimist/-/minimist-0.0.10.tgz",
      "integrity": "sha1-3j+YVD2/lggr5IrRoMfNqDYwHc8="
    },
    "ms": {
      "version": "2.0.0"
    },
    "mssql": {
      "version": "4.0.4",
      "requires": {
        "debug": "^2.6.3",
        "generic-pool": "^3.1.7",
        "tedious": "^2.0.0"
      }
    },
    "nigel": {
      "version": "2.0.2",
      "resolved": "https://registry.npmjs.org/nigel/-/nigel-2.0.2.tgz",
      "integrity": "sha1-k6GGb7DFLYc5CqdeKxYfS1x15bE=",
      "requires": {
        "hoek": "4.x.x",
        "vise": "2.x.x"
      }
    },
    "node-windows": {
      "version": "1.0.0-beta.6",
      "resolved": "https://registry.npmjs.org/node-windows/-/node-windows-1.0.0-beta.6.tgz",
      "integrity": "sha512-Ehig70tF9A9Wns4VMpnsvT7dyat/d2fio6C4g1RAEaAi+piAjN6Wc+/fdSOifl8YCCncVllijv5Q9wdyHvdgeA==",
      "requires": {
        "optimist": "~0.6.0",
        "xml": "0.0.12"
      }
    },
    "nvm": {
      "version": "0.0.4",
      "resolved": "https://registry.npmjs.org/nvm/-/nvm-0.0.4.tgz",
      "integrity": "sha1-OKF46dMbKDUIyS0VydqGHRqSELw="
    },
    "optimist": {
      "version": "0.6.1",
      "resolved": "https://registry.npmjs.org/optimist/-/optimist-0.6.1.tgz",
      "integrity": "sha1-2j6nRob6IaGaERwybpDrFaAZZoY=",
      "requires": {
        "minimist": "~0.0.1",
        "wordwrap": "~0.0.2"
      }
    },
    "pez": {
      "version": "2.1.5",
      "resolved": "https://registry.npmjs.org/pez/-/pez-2.1.5.tgz",
      "integrity": "sha1-XsLMYlAMw+tCNtSkFM9aF7XrUAc=",
      "requires": {
        "b64": "3.x.x",
        "boom": "5.x.x",
        "content": "3.x.x",
        "hoek": "4.x.x",
        "nigel": "2.x.x"
      }
    },
    "podium": {
      "version": "1.3.0",
      "requires": {
        "hoek": "4.x.x",
        "items": "2.x.x",
        "joi": "10.x.x"
      }
    },
    "process-nextick-args": {
      "version": "1.0.7"
    },
    "pseudomap": {
      "version": "1.0.2",
      "resolved": "https://registry.npmjs.org/pseudomap/-/pseudomap-1.0.2.tgz",
      "integrity": "sha1-8FKijacOYYkX7wqKw0wa5aaChrM="
    },
    "readable-stream": {
      "version": "2.3.3",
      "requires": {
        "core-util-is": "~1.0.0",
        "inherits": "~2.0.3",
        "isarray": "~1.0.0",
        "process-nextick-args": "~1.0.6",
        "safe-buffer": "~5.1.1",
        "string_decoder": "~1.0.3",
        "util-deprecate": "~1.0.1"
      }
    },
    "regenerator-runtime": {
      "version": "0.10.5"
    },
    "require-dir": {
      "version": "0.3.2"
    },
    "safe-buffer": {
      "version": "5.1.1"
    },
    "shot": {
      "version": "3.4.2",
      "requires": {
        "hoek": "4.x.x",
        "joi": "10.x.x"
      }
    },
    "sprintf": {
      "version": "0.1.5"
    },
    "statehood": {
      "version": "5.0.3",
      "requires": {
        "boom": "5.x.x",
        "cryptiles": "3.x.x",
        "hoek": "4.x.x",
        "iron": "4.x.x",
        "items": "2.x.x",
        "joi": "10.x.x"
      }
    },
    "string_decoder": {
      "version": "1.0.3",
      "requires": {
        "safe-buffer": "~5.1.0"
      }
    },
    "subtext": {
      "version": "4.4.1",
      "resolved": "https://registry.npmjs.org/subtext/-/subtext-4.4.1.tgz",
      "integrity": "sha1-L87JRd5CkoPD0YsVH/D6HxuHrsk=",
      "requires": {
        "boom": "5.x.x",
        "content": "3.x.x",
        "hoek": "4.x.x",
        "pez": "2.x.x",
        "wreck": "12.x.x"
      }
    },
    "tedious": {
      "version": "2.0.0",
      "requires": {
        "babel-runtime": "^6.23.0",
        "big-number": "0.3.1",
        "bl": "^1.2.0",
        "iconv-lite": "^0.4.11",
        "readable-stream": "^2.2.6",
        "sprintf": "0.1.5"
      }
    },
    "topo": {
      "version": "2.0.2",
      "requires": {
        "hoek": "4.x.x"
      }
    },
    "util-deprecate": {
      "version": "1.0.2"
    },
    "vise": {
      "version": "2.0.2",
      "resolved": "https://registry.npmjs.org/vise/-/vise-2.0.2.tgz",
      "integrity": "sha1-awjo+0y3bjpQzW3Q7DczjoEaDTk=",
      "requires": {
        "hoek": "4.x.x"
      }
    },
    "wordwrap": {
      "version": "0.0.3",
      "resolved": "https://registry.npmjs.org/wordwrap/-/wordwrap-0.0.3.tgz",
      "integrity": "sha1-o9XabNXAvAAI03I0u68b7WMFkQc="
    },
    "wreck": {
      "version": "12.5.1",
      "resolved": "https://registry.npmjs.org/wreck/-/wreck-12.5.1.tgz",
      "integrity": "sha512-l5DUGrc+yDyIflpty1x9XuMj1ehVjC/dTbF3/BasOO77xk0EdEa4M/DuOY8W88MQDAD0fEDqyjc8bkIMHd2E9A==",
      "requires": {
        "boom": "5.x.x",
        "hoek": "4.x.x"
      }
    },
    "xml": {
      "version": "0.0.12",
      "resolved": "https://registry.npmjs.org/xml/-/xml-0.0.12.tgz",
      "integrity": "sha1-8Is0cQmRK+AChXhfRvFa2OUKX2c="
    },
    "yallist": {
      "version": "2.1.2",
      "resolved": "https://registry.npmjs.org/yallist/-/yallist-2.1.2.tgz",
      "integrity": "sha1-HBH5IY8HYImkfdUS+TxmmaaoHVI="
    }
  }
}
